
Microsoft Visual Studio Solution File, Format Version 12.00
# Visual Studio Version 17
VisualStudioVersion = 17.0.31903.59
MinimumVisualStudioVersion = 10.0.40219.1
Project("{FAE04EC0-301F-11D3-BF4B-00C04F79EFBC}") = "TaskFlow.Api", "TaskFlow.Api\TaskFlow.Api.csproj", "{0789A41E-FF91-4DBF-AFA3-12C2C0BF4B1C}"
EndProject
Project("{FAE04EC0-301F-11D3-BF4B-00C04F79EFBC}") = "TaskFlow.Application", "TaskFlow.Application\TaskFlow.Application.csproj", "{F96DB5DF-8451-487C-9286-318C180F63CB}"
EndProject
Project("{FAE04EC0-301F-11D3-BF4B-00C04F79EFBC}") = "TaskFlow.Infrastructure", "TaskFlow.Infrastructure\TaskFlow.Infrastructure.csproj", "{074F89A5-4BE2-468B-A910-D9981D228F69}"
EndProject
Project("{FAE04EC0-301F-11D3-BF4B-00C04F79EFBC}") = "TaskFlow.Tests", "TaskFlow.Tests\TaskFlow.Tests.csproj", "{95921479-5B72-4596-813C-AF1D0CC9F875}"
EndProject
Project("{FAE04EC0-301F-11D3-BF4B-00C04F79EFBC}") = "TaskFlow.Contracts", "TaskFlow.Contracts\TaskFlow.Contracts.csproj", "{BA911640-10FC-42FC-80A7-80114B87DE18}"
EndProject
Project("{FAE04EC0-301F-11D3-BF4B-00C04F79EFBC}") = "TaskFlow.FileWorker", "TaskFlow.FileWorker\TaskFlow.FileWorker.csproj", "{5F7AF72F-1509-4785-9423-4C0893E53AC1}"
EndProject
Project("{FAE04EC0-301F-11D3-BF4B-00C04F79EFBC}") = "TaskFlow.AvatarWorker", "TaskFlow.AvatarWorker\TaskFlow.AvatarWorker.csproj", "{172CBC57-BE46-448F-AEA1-D1B6657DB197}"
EndProject
Project("{FAE04EC0-301F-11D3-BF4B-00C04F79EFBC}") = "TaskFlow.ArchiveWorker", "TaskFlow.ArchiveWorker\TaskFlow.ArchiveWorker.csproj", "{C1ACA927-A7FE-4308-A917-194D5F37C191}"
EndProject
Project("{FAE04EC0-301F-11D3-BF4B-00C04F79EFBC}") = "TaskFlow.NotificationWorker", "TaskFlow.NotificationWorker\TaskFlow.NotificationWorker.csproj", "{CA2BA5FD-5365-4BCB-A732-84C063F97D7E}"
EndProject
Project("{FAE04EC0-301F-11D3-BF4B-00C04F79EFBC}") = "TaskFlow.EmailWorker", "TaskFlow.EmailWorker\TaskFlow.EmailWorker.csproj", "{FA49B602-29B1-41C7-AB2E-4D47A523BA69}"
EndProject
Global
	GlobalSection(SolutionConfigurationPlatforms) = preSolution
		Debug|Any CPU = Debug|Any CPU
		Debug|x64 = Debug|x64
		Debug|x86 = Debug|x86
		Release|Any CPU = Release|Any CPU
		Release|x64 = Release|x64
		Release|x86 = Release|x86
	EndGlobalSection
	GlobalSection(ProjectConfigurationPlatforms) = postSolution
		{0789A41E-FF91-4DBF-AFA3-12C2C0BF4B1C}.Debug|Any CPU.ActiveCfg = Debug|Any CPU
		{0789A41E-FF91-4DBF-AFA3-12C2C0BF4B1C}.Debug|Any CPU.Build.0 = Debug|Any CPU
		{0789A41E-FF91-4DBF-AFA3-12C2C0BF4B1C}.Debug|x64.ActiveCfg = Debug|Any CPU
		{0789A41E-FF91-4DBF-AFA3-12C2C0BF4B1C}.Debug|x64.Build.0 = Debug|Any CPU
		{0789A41E-FF91-4DBF-AFA3-12C2C0BF4B1C}.Debug|x86.ActiveCfg = Debug|Any CPU
		{0789A41E-FF91-4DBF-AFA3-12C2C0BF4B1C}.Debug|x86.Build.0 = Debug|Any CPU
		{0789A41E-FF91-4DBF-AFA3-12C2C0BF4B1C}.Release|Any CPU.ActiveCfg = Release|Any CPU
		{0789A41E-FF91-4DBF-AFA3-12C2C0BF4B1C}.Release|Any CPU.Build.0 = Release|Any CPU
		{0789A41E-FF91-4DBF-AFA3-12C2C0BF4B1C}.Release|x64.ActiveCfg = Release|Any CPU
		{0789A41E-FF91-4DBF-AFA3-12C2C0BF4B1C}.Release|x64.Build.0 = Release|Any CPU
		{0789A41E-FF91-4DBF-AFA3-12C2C0BF4B1C}.Release|x86.ActiveCfg = Release|Any CPU
		{0789A41E-FF91-4DBF-AFA3-12C2C0BF4B1C}.Release|x86.Build.0 = Release|Any CPU
		{F96DB5DF-8451-487C-9286-318C180F63CB}.Debug|Any CPU.ActiveCfg = Debug|Any CPU
		{F96DB5DF-8451-487C-9286-318C180F63CB}.Debug|Any CPU.Build.0 = Debug|Any CPU
		{F96DB5DF-8451-487C-9286-318C180F63CB}.Debug|x64.ActiveCfg = Debug|Any CPU
		{F96DB5DF-8451-487C-9286-318C180F63CB}.Debug|x64.Build.0 = Debug|Any CPU
		{F96DB5DF-8451-487C-9286-318C180F63CB}.Debug|x86.ActiveCfg = Debug|Any CPU
		{F96DB5DF-8451-487C-9286-318C180F63CB}.Debug|x86.Build.0 = Debug|Any CPU
		{F96DB5DF-8451-487C-9286-318C180F63CB}.Release|Any CPU.ActiveCfg = Release|Any CPU
		{F96DB5DF-8451-487C-9286-318C180F63CB}.Release|Any CPU.Build.0 = Release|Any CPU
		{F96DB5DF-8451-487C-9286-318C180F63CB}.Release|x64.ActiveCfg = Release|Any CPU
		{F96DB5DF-8451-487C-9286-318C180F63CB}.Release|x64.Build.0 = Release|Any CPU
		{F96DB5DF-8451-487C-9286-318C180F63CB}.Release|x86.ActiveCfg = Release|Any CPU
		{F96DB5DF-8451-487C-9286-318C180F63CB}.Release|x86.Build.0 = Release|Any CPU
		{074F89A5-4BE2-468B-A910-D9981D228F69}.Debug|Any CPU.ActiveCfg = Debug|Any CPU
		{074F89A5-4BE2-468B-A910-D9981D228F69}.Debug|Any CPU.Build.0 = Debug|Any CPU
		{074F89A5-4BE2-468B-A910-D9981D228F69}.Debug|x64.ActiveCfg = Debug|Any CPU
		{074F89A5-4BE2-468B-A910-D9981D228F69}.Debug|x64.Build.0 = Debug|Any CPU
		{074F89A5-4BE2-468B-A910-D9981D228F69}.Debug|x86.ActiveCfg = Debug|Any CPU
		{074F89A5-4BE2-468B-A910-D9981D228F69}.Debug|x86.Build.0 = Debug|Any CPU
		{074F89A5-4BE2-468B-A910-D9981D228F69}.Release|Any CPU.ActiveCfg = Release|Any CPU
		{074F89A5-4BE2-468B-A910-D9981D228F69}.Release|Any CPU.Build.0 = Release|Any CPU
		{074F89A5-4BE2-468B-A910-D9981D228F69}.Release|x64.ActiveCfg = Release|Any CPU
		{074F89A5-4BE2-468B-A910-D9981D228F69}.Release|x64.Build.0 = Release|Any CPU
		{074F89A5-4BE2-468B-A910-D9981D228F69}.Release|x86.ActiveCfg = Release|Any CPU
		{074F89A5-4BE2-468B-A910-D9981D228F69}.Release|x86.Build.0 = Release|Any CPU
		{95921479-5B72-4596-813C-AF1D0CC9F875}.Debug|Any CPU.ActiveCfg = Debug|Any CPU
		{95921479-5B72-4596-813C-AF1D0CC9F875}.Debug|Any CPU.Build.0 = Debug|Any CPU
		{95921479-5B72-4596-813C-AF1D0CC9F875}.Debug|x64.ActiveCfg = Debug|Any CPU
		{95921479-5B72-4596-813C-AF1D0CC9F875}.Debug|x64.Build.0 = Debug|Any CPU
		{95921479-5B72-4596-813C-AF1D0CC9F875}.Debug|x86.ActiveCfg = Debug|Any CPU
		{95921479-5B72-4596-813C-AF1D0CC9F875}.Debug|x86.Build.0 = Debug|Any CPU
		{95921479-5B72-4596-813C-AF1D0CC9F875}.Release|Any CPU.ActiveCfg = Release|Any CPU
		{95921479-5B72-4596-813C-AF1D0CC9F875}.Release|Any CPU.Build.0 = Release|Any CPU
		{95921479-5B72-4596-813C-AF1D0CC9F875}.Release|x64.ActiveCfg = Release|Any CPU
		{95921479-5B72-4596-813C-AF1D0CC9F875}.Release|x64.Build.0 = Release|Any CPU
		{95921479-5B72-4596-813C-AF1D0CC9F875}.Release|x86.ActiveCfg = Release|Any CPU
		{95921479-5B72-4596-813C-AF1D0CC9F875}.Release|x86.Build.0 = Release|Any CPU
		{BA911640-10FC-42FC-80A7-80114B87DE18}.Debug|Any CPU.ActiveCfg = Debug|Any CPU
		{BA911640-10FC-42FC-80A7-80114B87DE18}.Debug|Any CPU.Build.0 = Debug|Any CPU
		{BA911640-10FC-42FC-80A7-80114B87DE18}.Debug|x64.ActiveCfg = Debug|Any CPU
		{BA911640-10FC-42FC-80A7-80114B87DE18}.Debug|x64.Build.0 = Debug|Any CPU
		{BA911640-10FC-42FC-80A7-80114B87DE18}.Debug|x86.ActiveCfg = Debug|Any CPU
		{BA911640-10FC-42FC-80A7-80114B87DE18}.Debug|x86.Build.0 = Debug|Any CPU
		{BA911640-10FC-42FC-80A7-80114B87DE18}.Release|Any CPU.ActiveCfg = Release|Any CPU
		{BA911640-10FC-42FC-80A7-80114B87DE18}.Release|Any CPU.Build.0 = Release|Any CPU
		{BA911640-10FC-42FC-80A7-80114B87DE18}.Release|x64.ActiveCfg = Release|Any CPU
		{BA911640-10FC-42FC-80A7-80114B87DE18}.Release|x64.Build.0 = Release|Any CPU
		{BA911640-10FC-42FC-80A7-80114B87DE18}.Release|x86.ActiveCfg = Release|Any CPU
		{BA911640-10FC-42FC-80A7-80114B87DE18}.Release|x86.Build.0 = Release|Any CPU
		{5F7AF72F-1509-4785-9423-4C0893E53AC1}.Debug|Any CPU.ActiveCfg = Debug|Any CPU
		{5F7AF72F-1509-4785-9423-4C0893E53AC1}.Debug|Any CPU.Build.0 = Debug|Any CPU
		{5F7AF72F-1509-4785-9423-4C0893E53AC1}.Debug|x64.ActiveCfg = Debug|Any CPU
		{5F7AF72F-1509-4785-9423-4C0893E53AC1}.Debug|x64.Build.0 = Debug|Any CPU
		{5F7AF72F-1509-4785-9423-4C0893E53AC1}.Debug|x86.ActiveCfg = Debug|Any CPU
		{5F7AF72F-1509-4785-9423-4C0893E53AC1}.Debug|x86.Build.0 = Debug|Any CPU
		{5F7AF72F-1509-4785-9423-4C0893E53AC1}.Release|Any CPU.ActiveCfg = Release|Any CPU
		{5F7AF72F-1509-4785-9423-4C0893E53AC1}.Release|Any CPU.Build.0 = Release|Any CPU
		{5F7AF72F-1509-4785-9423-4C0893E53AC1}.Release|x64.ActiveCfg = Release|Any CPU
		{5F7AF72F-1509-4785-9423-4C0893E53AC1}.Release|x64.Build.0 = Release|Any CPU
		{5F7AF72F-1509-4785-9423-4C0893E53AC1}.Release|x86.ActiveCfg = Release|Any CPU
		{5F7AF72F-1509-4785-9423-4C0893E53AC1}.Release|x86.Build.0 = Release|Any CPU
		{172CBC57-BE46-448F-AEA1-D1B6657DB197}.Debug|Any CPU.ActiveCfg = Debug|Any CPU
		{172CBC57-BE46-448F-AEA1-D1B6657DB197}.Debug|Any CPU.Build.0 = Debug|Any CPU
		{172CBC57-BE46-448F-AEA1-D1B6657DB197}.Debug|x64.ActiveCfg = Debug|Any CPU
		{172CBC57-BE46-448F-AEA1-D1B6657DB197}.Debug|x64.Build.0 = Debug|Any CPU
		{172CBC57-BE46-448F-AEA1-D1B6657DB197}.Debug|x86.ActiveCfg = Debug|Any CPU
		{172CBC57-BE46-448F-AEA1-D1B6657DB197}.Debug|x86.Build.0 = Debug|Any CPU
		{172CBC57-BE46-448F-AEA1-D1B6657DB197}.Release|Any CPU.ActiveCfg = Release|Any CPU
		{172CBC57-BE46-448F-AEA1-D1B6657DB197}.Release|Any CPU.Build.0 = Release|Any CPU
		{172CBC57-BE46-448F-AEA1-D1B6657DB197}.Release|x64.ActiveCfg = Release|Any CPU
		{172CBC57-BE46-448F-AEA1-D1B6657DB197}.Release|x64.Build.0 = Release|Any CPU
		{172CBC57-BE46-448F-AEA1-D1B6657DB197}.Release|x86.ActiveCfg = Release|Any CPU
		{172CBC57-BE46-448F-AEA1-D1B6657DB197}.Release|x86.Build.0 = Release|Any CPU
		{C1ACA927-A7FE-4308-A917-194D5F37C191}.Debug|Any CPU.ActiveCfg = Debug|Any CPU
		{C1ACA927-A7FE-4308-A917-194D5F37C191}.Debug|Any CPU.Build.0 = Debug|Any CPU
		{C1ACA927-A7FE-4308-A917-194D5F37C191}.Debug|x64.ActiveCfg = Debug|Any CPU
		{C1ACA927-A7FE-4308-A917-194D5F37C191}.Debug|x64.Build.0 = Debug|Any CPU
		{C1ACA927-A7FE-4308-A917-194D5F37C191}.Debug|x86.ActiveCfg = Debug|Any CPU
		{C1ACA927-A7FE-4308-A917-194D5F37C191}.Debug|x86.Build.0 = Debug|Any CPU
		{C1ACA927-A7FE-4308-A917-194D5F37C191}.Release|Any CPU.ActiveCfg = Release|Any CPU
		{C1ACA927-A7FE-4308-A917-194D5F37C191}.Release|Any CPU.Build.0 = Release|Any CPU
		{C1ACA927-A7FE-4308-A917-194D5F37C191}.Release|x64.ActiveCfg = Release|Any CPU
		{C1ACA927-A7FE-4308-A917-194D5F37C191}.Release|x64.Build.0 = Release|Any CPU
		{C1ACA927-A7FE-4308-A917-194D5F37C191}.Release|x86.ActiveCfg = Release|Any CPU
		{C1ACA927-A7FE-4308-A917-194D5F37C191}.Release|x86.Build.0 = Release|Any CPU
		{CA2BA5FD-5365-4BCB-A732-84C063F97D7E}.Debug|Any CPU.ActiveCfg = Debug|Any CPU
		{CA2BA5FD-5365-4BCB-A732-84C063F97D7E}.Debug|Any CPU.Build.0 = Debug|Any CPU
		{CA2BA5FD-5365-4BCB-A732-84C063F97D7E}.Debug|x64.ActiveCfg = Debug|Any CPU
		{CA2BA5FD-5365-4BCB-A732-84C063F97D7E}.Debug|x64.Build.0 = Debug|Any CPU
		{CA2BA5FD-5365-4BCB-A732-84C063F97D7E}.Debug|x86.ActiveCfg = Debug|Any CPU
		{CA2BA5FD-5365-4BCB-A732-84C063F97D7E}.Debug|x86.Build.0 = Debug|Any CPU
		{CA2BA5FD-5365-4BCB-A732-84C063F97D7E}.Release|Any CPU.ActiveCfg = Release|Any CPU
		{CA2BA5FD-5365-4BCB-A732-84C063F97D7E}.Release|Any CPU.Build.0 = Release|Any CPU
		{CA2BA5FD-5365-4BCB-A732-84C063F97D7E}.Release|x64.ActiveCfg = Release|Any CPU
		{CA2BA5FD-5365-4BCB-A732-84C063F97D7E}.Release|x64.Build.0 = Release|Any CPU
		{CA2BA5FD-5365-4BCB-A732-84C063F97D7E}.Release|x86.ActiveCfg = Release|Any CPU
		{CA2BA5FD-5365-4BCB-A732-84C063F97D7E}.Release|x86.Build.0 = Release|Any CPU
		{FA49B602-29B1-41C7-AB2E-4D47A523BA69}.Debug|Any CPU.ActiveCfg = Debug|Any CPU
		{FA49B602-29B1-41C7-AB2E-4D47A523BA69}.Debug|Any CPU.Build.0 = Debug|Any CPU
		{FA49B602-29B1-41C7-AB2E-4D47A523BA69}.Debug|x64.ActiveCfg = Debug|Any CPU
		{FA49B602-29B1-41C7-AB2E-4D47A523BA69}.Debug|x64.Build.0 = Debug|Any CPU
		{FA49B602-29B1-41C7-AB2E-4D47A523BA69}.Debug|x86.ActiveCfg = Debug|Any CPU
		{FA49B602-29B1-41C7-AB2E-4D47A523BA69}.Debug|x86.Build.0 = Debug|Any CPU
		{FA49B602-29B1-41C7-AB2E-4D47A523BA69}.Release|Any CPU.ActiveCfg = Release|Any CPU
		{FA49B602-29B1-41C7-AB2E-4D47A523BA69}.Release|Any CPU.Build.0 = Release|Any CPU
		{FA49B602-29B1-41C7-AB2E-4D47A523BA69}.Release|x64.ActiveCfg = Release|Any CPU
		{FA49B602-29B1-41C7-AB2E-4D47A523BA69}.Release|x64.Build.0 = Release|Any CPU
		{FA49B602-29B1-41C7-AB2E-4D47A523BA69}.Release|x86.ActiveCfg = Release|Any CPU
		{FA49B602-29B1-41C7-AB2E-4D47A523BA69}.Release|x86.Build.0 = Release|Any CPU
	EndGlobalSection
	GlobalSection(SolutionProperties) = preSolution
		HideSolutionNode = FALSE
	EndGlobalSection
EndGlobal
